// !$*UTF8*$!
{
	archiveVersion = 1;
	classes = {
	};
	objectVersion = 46;
	objects = {

/* Begin PBXBuildFile section */
		FAE262B81F15218700CE3551 /* AppDelegate.swift in Sources */ = {isa = PBXBuildFile; fileRef = FAE262B71F15218700CE3551 /* AppDelegate.swift */; };
		FAE262BD1F15218700CE3551 /* Main.storyboard in Resources */ = {isa = PBXBuildFile; fileRef = FAE262BB1F15218700CE3551 /* Main.storyboard */; };
		FAE262BF1F15218700CE3551 /* Assets.xcassets in Resources */ = {isa = PBXBuildFile; fileRef = FAE262BE1F15218700CE3551 /* Assets.xcassets */; };
		FAE262C21F15218700CE3551 /* LaunchScreen.storyboard in Resources */ = {isa = PBXBuildFile; fileRef = FAE262C01F15218700CE3551 /* LaunchScreen.storyboard */; };
		FAE262CC1F1523AD00CE3551 /* TabBarController.swift in Sources */ = {isa = PBXBuildFile; fileRef = FAE262CB1F1523AD00CE3551 /* TabBarController.swift */; };
		FAE262CF1F152E1000CE3551 /* PTJobsViewController.swift in Sources */ = {isa = PBXBuildFile; fileRef = FAE262CE1F152E1000CE3551 /* PTJobsViewController.swift */; };
		FAE262D11F152E2200CE3551 /* InternshipsViewController.swift in Sources */ = {isa = PBXBuildFile; fileRef = FAE262D01F152E2200CE3551 /* InternshipsViewController.swift */; };
		FAE262D31F152E4400CE3551 /* SummerViewController.swift in Sources */ = {isa = PBXBuildFile; fileRef = FAE262D21F152E4400CE3551 /* SummerViewController.swift */; };
		FAE262D51F15717400CE3551 /* JobPost.swift in Sources */ = {isa = PBXBuildFile; fileRef = FAE262D41F15717400CE3551 /* JobPost.swift */; };
/* End PBXBuildFile section */

/* Begin PBXFileReference section */
		FAE262B41F15218700CE3551 /* JobApp.app */ = {isa = PBXFileReference; explicitFileType = wrapper.application; includeInIndex = 0; path = JobApp.app; sourceTree = BUILT_PRODUCTS_DIR; };
		FAE262B71F15218700CE3551 /* AppDelegate.swift */ = {isa = PBXFileReference; lastKnownFileType = sourcecode.swift; path = AppDelegate.swift; sourceTree = "<group>"; };
		FAE262BC1F15218700CE3551 /* Base */ = {isa = PBXFileReference; lastKnownFileType = file.storyboard; name = Base; path = Base.lproj/Main.storyboard; sourceTree = "<group>"; };
		FAE262BE1F15218700CE3551 /* Assets.xcassets */ = {isa = PBXFileReference; lastKnownFileType = folder.assetcatalog; path = Assets.xcassets; sourceTree = "<group>"; };
		FAE262C11F15218700CE3551 /* Base */ = {isa = PBXFileReference; lastKnownFileType = file.storyboard; name = Base; path = Base.lproj/LaunchScreen.storyboard; sourceTree = "<group>"; };
		FAE262C31F15218700CE3551 /* Info.plist */ = {isa = PBXFileReference; lastKnownFileType = text.plist.xml; path = Info.plist; sourceTree = "<group>"; };
		FAE262CB1F1523AD00CE3551 /* TabBarController.swift */ = {isa = PBXFileReference; fileEncoding = 4; lastKnownFileType = sourcecode.swift; name = TabBarController.swift; path = Controllers/TabBarController.swift; sourceTree = SOURCE_ROOT; };
		FAE262CE1F152E1000CE3551 /* PTJobsViewController.swift */ = {isa = PBXFileReference; fileEncoding = 4; lastKnownFileType = sourcecode.swift; name = PTJobsViewController.swift; path = Controllers/PTJobsViewController.swift; sourceTree = SOURCE_ROOT; };
		FAE262D01F152E2200CE3551 /* InternshipsViewController.swift */ = {isa = PBXFileReference; fileEncoding = 4; lastKnownFileType = sourcecode.swift; name = InternshipsViewController.swift; path = Controllers/InternshipsViewController.swift; sourceTree = SOURCE_ROOT; };
		FAE262D21F152E4400CE3551 /* SummerViewController.swift */ = {isa = PBXFileReference; fileEncoding = 4; lastKnownFileType = sourcecode.swift; name = SummerViewController.swift; path = Controllers/SummerViewController.swift; sourceTree = SOURCE_ROOT; };
		FAE262D41F15717400CE3551 /* JobPost.swift */ = {isa = PBXFileReference; fileEncoding = 4; lastKnownFileType = sourcecode.swift; name = JobPost.swift; path = Models/JobPost.swift; sourceTree = SOURCE_ROOT; };
/* End PBXFileReference section */

/* Begin PBXFrameworksBuildPhase section */
		FAE262B11F15218700CE3551 /* Frameworks */ = {
			isa = PBXFrameworksBuildPhase;
			buildActionMask = 2147483647;
			files = (
			);
			runOnlyForDeploymentPostprocessing = 0;
		};
/* End PBXFrameworksBuildPhase section */

/* Begin PBXGroup section */
		FAE262AB1F15218700CE3551 = {
			isa = PBXGroup;
			children = (
				FAE262B61F15218700CE3551 /* JobApp */,
				FAE262B51F15218700CE3551 /* Products */,
			);
			sourceTree = "<group>";
		};
		FAE262B51F15218700CE3551 /* Products */ = {
			isa = PBXGroup;
			children = (
				FAE262B41F15218700CE3551 /* JobApp.app */,
			);
			name = Products;
			sourceTree = "<group>";
		};
		FAE262B61F15218700CE3551 /* JobApp */ = {
			isa = PBXGroup;
			children = (
				FAE262B71F15218700CE3551 /* AppDelegate.swift */,
				FAE262CD1F1523B300CE3551 /* Controllers */,
				FAE262C91F15237500CE3551 /* Storyboards */,
				FAE262BE1F15218700CE3551 /* Assets.xcassets */,
				FAE262CA1F15238800CE3551 /* Supporting */,
				FAE262D61F15717A00CE3551 /* Models */,
			);
			path = JobApp;
			sourceTree = "<group>";
		};
		FAE262C91F15237500CE3551 /* Storyboards */ = {
			isa = PBXGroup;
			children = (
				FAE262C01F15218700CE3551 /* LaunchScreen.storyboard */,
				FAE262BB1F15218700CE3551 /* Main.storyboard */,
			);
			name = Storyboards;
			sourceTree = "<group>";
		};
		FAE262CA1F15238800CE3551 /* Supporting */ = {
			isa = PBXGroup;
			children = (
				FAE262C31F15218700CE3551 /* Info.plist */,
			);
			name = Supporting;
			sourceTree = "<group>";
		};
		FAE262CD1F1523B300CE3551 /* Controllers */ = {
			isa = PBXGroup;
			children = (
				FAE262CB1F1523AD00CE3551 /* TabBarController.swift */,
				FAE262CE1F152E1000CE3551 /* PTJobsViewController.swift */,
				FAE262D01F152E2200CE3551 /* InternshipsViewController.swift */,
				FAE262D21F152E4400CE3551 /* SummerViewController.swift */,
			);
			name = Controllers;
			sourceTree = "<group>";
		};
		FAE262D61F15717A00CE3551 /* Models */ = {
			isa = PBXGroup;
			children = (
				FAE262D41F15717400CE3551 /* JobPost.swift */,
			);
			name = Models;
			sourceTree = "<group>";
		};
/* End PBXGroup section */

/* Begin PBXNativeTarget section */
		FAE262B31F15218700CE3551 /* JobApp */ = {
			isa = PBXNativeTarget;
			buildConfigurationList = FAE262C61F15218700CE3551 /* Build configuration list for PBXNativeTarget "JobApp" */;
			buildPhases = (
				FAE262B01F15218700CE3551 /* Sources */,
				FAE262B11F15218700CE3551 /* Frameworks */,
				FAE262B21F15218700CE3551 /* Resources */,
			);
			buildRules = (
			);
			dependencies = (
			);
			name = JobApp;
			productName = JobApp;
			productReference = FAE262B41F15218700CE3551 /* JobApp.app */;
			productType = "com.apple.product-type.application";
		};
/* End PBXNativeTarget section */

/* Begin PBXProject section */
		FAE262AC1F15218700CE3551 /* Project object */ = {
			isa = PBXProject;
			attributes = {
				LastSwiftUpdateCheck = 0830;
				LastUpgradeCheck = 0830;
				ORGANIZATIONNAME = "Muneeba Khatoon";
				TargetAttributes = {
					FAE262B31F15218700CE3551 = {
						CreatedOnToolsVersion = 8.3.3;
						DevelopmentTeam = B8LC78N529;
						ProvisioningStyle = Automatic;
					};
				};
			};
			buildConfigurationList = FAE262AF1F15218700CE3551 /* Build configuration list for PBXProject "JobApp" */;
			compatibilityVersion = "Xcode 3.2";
			developmentRegion = English;
			hasScannedForEncodings = 0;
			knownRegions = (
				en,
				Base,
			);
			mainGroup = FAE262AB1F15218700CE3551;
			productRefGroup = FAE262B51F15218700CE3551 /* Products */;
			projectDirPath = "";
			projectRoot = "";
			targets = (
				FAE262B31F15218700CE3551 /* JobApp */,
			);
		};
/* End PBXProject section */

/* Begin PBXResourcesBuildPhase section */
		FAE262B21F15218700CE3551 /* Resources */ = {
			isa = PBXResourcesBuildPhase;
			buildActionMask = 2147483647;
			files = (
				FAE262C21F15218700CE3551 /* LaunchScreen.storyboard in Resources */,
				FAE262BF1F15218700CE3551 /* Assets.xcassets in Resources */,
				FAE262BD1F15218700CE3551 /* Main.storyboard in Resources */,
			);
			runOnlyForDeploymentPostprocessing = 0;
		};
/* End PBXResourcesBuildPhase section */

/* Begin PBXSourcesBuildPhase section */
		FAE262B01F15218700CE3551 /* Sources */ = {
			isa = PBXSourcesBuildPhase;
			buildActionMask = 2147483647;
			files = (
				FAE262D11F152E2200CE3551 /* InternshipsViewController.swift in Sources */,
				FAE262D51F15717400CE3551 /* JobPost.swift in Sources */,
				FAE262B81F15218700CE3551 /* AppDelegate.swift in Sources */,
				FAE262D31F152E4400CE3551 /* SummerViewController.swift in Sources */,
				FAE262CF1F152E1000CE3551 /* PTJobsViewController.swift in Sources */,
				FAE262CC1F1523AD00CE3551 /* TabBarController.swift in Sources */,
			);
			runOnlyForDeploymentPostprocessing = 0;
		};
/* End PBXSourcesBuildPhase section */

/* Begin PBXVariantGroup section */
		FAE262BB1F15218700CE3551 /* Main.storyboard */ = {
			isa = PBXVariantGroup;
			children = (
				FAE262BC1F15218700CE3551 /* Base */,
			);
			name = Main.storyboard;
			sourceTree = "<group>";
		};
		FAE262C01F15218700CE3551 /* LaunchScreen.storyboard */ = {
			isa = PBXVariantGroup;
			children = (
				FAE262C11F15218700CE3551 /* Base */,
			);
			name = LaunchScreen.storyboard;
			sourceTree = "<group>";
		};
/* End PBXVariantGroup section */

/* Begin XCBuildConfiguration section */
		FAE262C41F15218700CE3551 /* Debug */ = {
			isa = XCBuildConfiguration;
			buildSettings = {
				ALWAYS_SEARCH_USER_PATHS = NO;
				CLANG_ANALYZER_NONNULL = YES;
				CLANG_ANALYZER_NUMBER_OBJECT_CONVERSION = YES_AGGRESSIVE;
				CLANG_CXX_LANGUAGE_STANDARD = "gnu++0x";
				CLANG_CXX_LIBRARY = "libc++";
				CLANG_ENABLE_MODULES = YES;
				CLANG_ENABLE_OBJC_ARC = YES;
				CLANG_WARN_BOOL_CONVERSION = YES;
				CLANG_WARN_CONSTANT_CONVERSION = YES;
				CLANG_WARN_DIRECT_OBJC_ISA_USAGE = YES_ERROR;
				CLANG_WARN_DOCUMENTATION_COMMENTS = YES;
				CLANG_WARN_EMPTY_BODY = YES;
				CLANG_WARN_ENUM_CONVERSION = YES;
				CLANG_WARN_INFINITE_RECURSION = YES;
				CLANG_WARN_INT_CONVERSION = YES;
				CLANG_WARN_OBJC_ROOT_CLASS = YES_ERROR;
				CLANG_WARN_SUSPICIOUS_MOVE = YES;
				CLANG_WARN_UNREACHABLE_CODE = YES;
				CLANG_WARN__DUPLICATE_METHOD_MATCH = YES;
				"CODE_SIGN_IDENTITY[sdk=iphoneos*]" = "iPhone Developer";
				COPY_PHASE_STRIP = NO;
				DEBUG_INFORMATION_FORMAT = dwarf;
				ENABLE_STRICT_OBJC_MSGSEND = YES;
				ENABLE_TESTABILITY = YES;
				GCC_C_LANGUAGE_STANDARD = gnu99;
				GCC_DYNAMIC_NO_PIC = NO;
				GCC_NO_COMMON_BLOCKS = YES;
				GCC_OPTIMIZATION_LEVEL = 0;
				GCC_PREPROCESSOR_DEFINITIONS = (
					"DEBUG=1",
					"$(inherited)",
				);
				GCC_WARN_64_TO_32_BIT_CONVERSION = YES;
				GCC_WARN_ABOUT_RETURN_TYPE = YES_ERROR;
				GCC_WARN_UNDECLARED_SELECTOR = YES;
				GCC_WARN_UNINITIALIZED_AUTOS = YES_AGGRESSIVE;
				GCC_WARN_UNUSED_FUNCTION = YES;
				GCC_WARN_UNUSED_VARIABLE = YES;
				IPHONEOS_DEPLOYMENT_TARGET = 10.3;
				MTL_ENABLE_DEBUG_INFO = YES;
				ONLY_ACTIVE_ARCH = YES;
				SDKROOT = iphoneos;
				SWIFT_ACTIVE_COMPILATION_CONDITIONS = DEBUG;
				SWIFT_OPTIMIZATION_LEVEL = "-Onone";
			};
			name = Debug;
		};
		FAE262C51F15218700CE3551 /* Release */ = {
			isa = XCBuildConfiguration;
			buildSettings = {
				ALWAYS_SEARCH_USER_PATHS = NO;
				CLANG_ANALYZER_NONNULL = YES;
				CLANG_ANALYZER_NUMBER_OBJECT_CONVERSION = YES_AGGRESSIVE;
				CLANG_CXX_LANGUAGE_STANDARD = "gnu++0x";
				CLANG_CXX_LIBRARY = "libc++";
				CLANG_ENABLE_MODULES = YES;
				CLANG_ENABLE_OBJC_ARC = YES;
				CLANG_WARN_BOOL_CONVERSION = YES;
				CLANG_WARN_CONSTANT_CONVERSION = YES;
				CLANG_WARN_DIRECT_OBJC_ISA_USAGE = YES_ERROR;
				CLANG_WARN_DOCUMENTATION_COMMENTS = YES;
				CLANG_WARN_EMPTY_BODY = YES;
				CLANG_WARN_ENUM_CONVERSION = YES;
				CLANG_WARN_INFINITE_RECURSION = YES;
				CLANG_WARN_INT_CONVERSION = YES;
				CLANG_WARN_OBJC_ROOT_CLASS = YES_ERROR;
				CLANG_WARN_SUSPICIOUS_MOVE = YES;
				CLANG_WARN_UNREACHABLE_CODE = YES;
				CLANG_WARN__DUPLICATE_METHOD_MATCH = YES;
				"CODE_SIGN_IDENTITY[sdk=iphoneos*]" = "iPhone Developer";
				COPY_PHASE_STRIP = NO;
				DEBUG_INFORMATION_FORMAT = "dwarf-with-dsym";
				ENABLE_NS_ASSERTIONS = NO;
				ENABLE_STRICT_OBJC_MSGSEND = YES;
				GCC_C_LANGUAGE_STANDARD = gnu99;
				GCC_NO_COMMON_BLOCKS = YES;
				GCC_WARN_64_TO_32_BIT_CONVERSION = YES;
				GCC_WARN_ABOUT_RETURN_TYPE = YES_ERROR;
				GCC_WARN_UNDECLARED_SELECTOR = YES;
				GCC_WARN_UNINITIALIZED_AUTOS = YES_AGGRESSIVE;
				GCC_WARN_UNUSED_FUNCTION = YES;
				GCC_WARN_UNUSED_VARIABLE = YES;
				IPHONEOS_DEPLOYMENT_TARGET = 10.3;
				MTL_ENABLE_DEBUG_INFO = NO;
				SDKROOT = iphoneos;
				SWIFT_OPTIMIZATION_LEVEL = "-Owholemodule";
				VALIDATE_PRODUCT = YES;
			};
			name = Release;
		};
		FAE262C71F15218700CE3551 /* Debug */ = {
			isa = XCBuildConfiguration;
			buildSettings = {
				ASSETCATALOG_COMPILER_APPICON_NAME = AppIcon;
				DEVELOPMENT_TEAM = B8LC78N529;
				INFOPLIST_FILE = JobApp/Info.plist;
				LD_RUNPATH_SEARCH_PATHS = "$(inherited) @executable_path/Frameworks";
				PRODUCT_BUNDLE_IDENTIFIER = com.example.JobApp;
				PRODUCT_NAME = "$(TARGET_NAME)";
				SWIFT_VERSION = 3.0;
			};
			name = Debug;
		};
		FAE262C81F15218700CE3551 /* Release */ = {
			isa = XCBuildConfiguration;
			buildSettings = {
				ASSETCATALOG_COMPILER_APPICON_NAME = AppIcon;
				DEVELOPMENT_TEAM = B8LC78N529;
				INFOPLIST_FILE = JobApp/Info.plist;
				LD_RUNPATH_SEARCH_PATHS = "$(inherited) @executable_path/Frameworks";
				PRODUCT_BUNDLE_IDENTIFIER = com.example.JobApp;
				PRODUCT_NAME = "$(TARGET_NAME)";
				SWIFT_VERSION = 3.0;
			};
			name = Release;
		};
/* End XCBuildConfiguration section */

/* Begin XCConfigurationList section */
		FAE262AF1F15218700CE3551 /* Build configuration list for PBXProject "JobApp" */ = {
			isa = XCConfigurationList;
			buildConfigurations = (
				FAE262C41F15218700CE3551 /* Debug */,
				FAE262C51F15218700CE3551 /* Release */,
			);
			defaultConfigurationIsVisible = 0;
			defaultConfigurationName = Release;
		};
		FAE262C61F15218700CE3551 /* Build configuration list for PBXNativeTarget "JobApp" */ = {
			isa = XCConfigurationList;
			buildConfigurations = (
				FAE262C71F15218700CE3551 /* Debug */,
				FAE262C81F15218700CE3551 /* Release */,
			);
			defaultConfigurationIsVisible = 0;
		};
/* End XCConfigurationList section */
	};
	rootObject = FAE262AC1F15218700CE3551 /* Project object */;
}
